
Microsoft Visual Studio Solution File, Format Version 12.00
# Visual Studio Version 17
VisualStudioVersion = 17.6.33723.286
MinimumVisualStudioVersion = 10.0.40219.1
Project("{FAE04EC0-301F-11D3-BF4B-00C04F79EFBC}") = "Algorytm", "Algorytm\Algorytm.csproj", "{74031B28-12A9-45EC-9306-732CAA6EAA4E}"
EndProject
Global
	GlobalSection(SolutionConfigurationPlatforms) = preSolution
		Debug|Any CPU = Debug|Any CPU
		Release|Any CPU = Release|Any CPU
	EndGlobalSection
	GlobalSection(ProjectConfigurationPlatforms) = postSolution
		{74031B28-12A9-45EC-9306-732CAA6EAA4E}.Debug|Any CPU.ActiveCfg = Debug|Any CPU
		{74031B28-12A9-45EC-9306-732CAA6EAA4E}.Debug|Any CPU.Build.0 = Debug|Any CPU
		{74031B28-12A9-45EC-9306-732CAA6EAA4E}.Release|Any CPU.ActiveCfg = Release|Any CPU
		{74031B28-12A9-45EC-9306-732CAA6EAA4E}.Release|Any CPU.Build.0 = Release|Any CPU
	EndGlobalSection
	GlobalSection(SolutionProperties) = preSolution
		HideSolutionNode = FALSE
	EndGlobalSection
	GlobalSection(ExtensibilityGlobals) = postSolution
		SolutionGuid = {AC359174-9ED3-4EFA-AC4C-ECB4D5DC649E}
	EndGlobalSection
EndGlobal
