
Microsoft Visual Studio Solution File, Format Version 12.00
# Visual Studio Version 17
VisualStudioVersion = 17.6.33723.286
MinimumVisualStudioVersion = 10.0.40219.1
Project("{FAE04EC0-301F-11D3-BF4B-00C04F79EFBC}") = "Obwod", "Obwod\Obwod.csproj", "{94D07C16-85C4-496B-9099-3352D5332222}"
EndProject
Global
	GlobalSection(SolutionConfigurationPlatforms) = preSolution
		Debug|Any CPU = Debug|Any CPU
		Release|Any CPU = Release|Any CPU
	EndGlobalSection
	GlobalSection(ProjectConfigurationPlatforms) = postSolution
		{94D07C16-85C4-496B-9099-3352D5332222}.Debug|Any CPU.ActiveCfg = Debug|Any CPU
		{94D07C16-85C4-496B-9099-3352D5332222}.Debug|Any CPU.Build.0 = Debug|Any CPU
		{94D07C16-85C4-496B-9099-3352D5332222}.Release|Any CPU.ActiveCfg = Release|Any CPU
		{94D07C16-85C4-496B-9099-3352D5332222}.Release|Any CPU.Build.0 = Release|Any CPU
	EndGlobalSection
	GlobalSection(SolutionProperties) = preSolution
		HideSolutionNode = FALSE
	EndGlobalSection
	GlobalSection(ExtensibilityGlobals) = postSolution
		SolutionGuid = {4F92BE3D-F23C-44BD-9C12-9BFD92E2ED14}
	EndGlobalSection
EndGlobal
