
Microsoft Visual Studio Solution File, Format Version 12.00
# Visual Studio Version 17
VisualStudioVersion = 17.6.33723.286
MinimumVisualStudioVersion = 10.0.40219.1
Project("{FAE04EC0-301F-11D3-BF4B-00C04F79EFBC}") = "Zmiana miejsc", "Zmiana miejsc\Zmiana miejsc.csproj", "{ADEDBB05-5153-400B-88DA-99AD7B030E58}"
EndProject
Global
	GlobalSection(SolutionConfigurationPlatforms) = preSolution
		Debug|Any CPU = Debug|Any CPU
		Release|Any CPU = Release|Any CPU
	EndGlobalSection
	GlobalSection(ProjectConfigurationPlatforms) = postSolution
		{ADEDBB05-5153-400B-88DA-99AD7B030E58}.Debug|Any CPU.ActiveCfg = Debug|Any CPU
		{ADEDBB05-5153-400B-88DA-99AD7B030E58}.Debug|Any CPU.Build.0 = Debug|Any CPU
		{ADEDBB05-5153-400B-88DA-99AD7B030E58}.Release|Any CPU.ActiveCfg = Release|Any CPU
		{ADEDBB05-5153-400B-88DA-99AD7B030E58}.Release|Any CPU.Build.0 = Release|Any CPU
	EndGlobalSection
	GlobalSection(SolutionProperties) = preSolution
		HideSolutionNode = FALSE
	EndGlobalSection
	GlobalSection(ExtensibilityGlobals) = postSolution
		SolutionGuid = {0CAD4F0C-68B1-44F3-A9A5-373C482FF4E3}
	EndGlobalSection
EndGlobal
